
Microsoft Visual Studio Solution File, Format Version 12.00
# Visual Studio Version 17
VisualStudioVersion = 17.4.33205.214
MinimumVisualStudioVersion = 10.0.40219.1
Project("{FAE04EC0-301F-11D3-BF4B-00C04F79EFBC}") = "Utilities", "Utilities.csproj", "{EE6A070A-AAB1-4E99-8B41-43B052DBC049}"
EndProject
Project("{FAE04EC0-301F-11D3-BF4B-00C04F79EFBC}") = "ConsoleApp1", "..\ConsoleApp1\ConsoleApp1.csproj", "{ABE2CCDD-DE32-4DAD-A5F8-31FAEA06C89B}"
EndProject
Global
	GlobalSection(SolutionConfigurationPlatforms) = preSolution
		Debug|Any CPU = Debug|Any CPU
		Release|Any CPU = Release|Any CPU
	EndGlobalSection
	GlobalSection(ProjectConfigurationPlatforms) = postSolution
		{EE6A070A-AAB1-4E99-8B41-43B052DBC049}.Debug|Any CPU.ActiveCfg = Debug|Any CPU
		{EE6A070A-AAB1-4E99-8B41-43B052DBC049}.Debug|Any CPU.Build.0 = Debug|Any CPU
		{EE6A070A-AAB1-4E99-8B41-43B052DBC049}.Release|Any CPU.ActiveCfg = Release|Any CPU
		{EE6A070A-AAB1-4E99-8B41-43B052DBC049}.Release|Any CPU.Build.0 = Release|Any CPU
		{ABE2CCDD-DE32-4DAD-A5F8-31FAEA06C89B}.Debug|Any CPU.ActiveCfg = Debug|Any CPU
		{ABE2CCDD-DE32-4DAD-A5F8-31FAEA06C89B}.Debug|Any CPU.Build.0 = Debug|Any CPU
		{ABE2CCDD-DE32-4DAD-A5F8-31FAEA06C89B}.Release|Any CPU.ActiveCfg = Release|Any CPU
		{ABE2CCDD-DE32-4DAD-A5F8-31FAEA06C89B}.Release|Any CPU.Build.0 = Release|Any CPU
	EndGlobalSection
	GlobalSection(SolutionProperties) = preSolution
		HideSolutionNode = FALSE
	EndGlobalSection
	GlobalSection(ExtensibilityGlobals) = postSolution
		SolutionGuid = {9F192DF3-321C-40C9-B516-06873A92B7BD}
	EndGlobalSection
EndGlobal
